<?xml version="1.0" encoding="utf-8"?>
<Project ToolsVersion="4.0" xmlns="http://schemas.microsoft.com/developer/msbuild/2003">
  <ItemGroup>
    <Filter Include="common">
      <UniqueIdentifier>{098e9d39-93e7-4a0c-8bc9-880254639339}</UniqueIdentifier>
    </Filter>
    <Filter Include="libusbmuxd">
      <UniqueIdentifier>{5e3f9ed7-798f-47e9-a2b9-fc5bf8d82777}</UniqueIdentifier>
    </Filter>
  </ItemGroup>
  <ItemGroup>
    <ClCompile Include="libusbmuxd\libusbmuxd.c">
      <Filter>libusbmuxd</Filter>
    </ClCompile>
    <ClCompile Include="libusbmuxd\sock_stuff.c">
      <Filter>libusbmuxd</Filter>
    </ClCompile>
    <ClCompile Include="common\utils.c">
      <Filter>common</Filter>
    </ClCompile>
  </ItemGroup>
  <ItemGroup>
    <ClInclude Include="libusbmuxd\sock_stuff.h">
      <Filter>libusbmuxd</Filter>
    </ClInclude>
    <ClInclude Include="libusbmuxd\usbmuxd.h">
      <Filter>libusbmuxd</Filter>
    </ClInclude>
    <ClInclude Include="libusbmuxd\usbmuxd-proto.h">
      <Filter>libusbmuxd</Filter>
    </ClInclude>
    <ClInclude Include="common\utils.h">
      <Filter>common</Filter>
    </ClInclude>
  </ItemGroup>
</Project>